// !$*UTF8*$!
{
	archiveVersion = 1;
	classes = {
	};
	objectVersion = 77;
	objects = {

/* Begin PBXBuildFile section */
		5C428DC22D620BAA0078D285 /* TramDisplayWidgetWatchOs Watch App.app in Embed Watch Content */ = {isa = PBXBuildFile; fileRef = 5C428D9F2D620BA90078D285 /* TramDisplayWidgetWatchOs Watch App.app */; settings = {ATTRIBUTES = (RemoveHeadersOnCopy, ); }; };
		5C428DD22D620BE90078D285 /* WidgetKit.framework in Frameworks */ = {isa = PBXBuildFile; fileRef = 5C84B9142D610EBE00AA18B7 /* WidgetKit.framework */; };
		5C428DD32D620BE90078D285 /* SwiftUI.framework in Frameworks */ = {isa = PBXBuildFile; fileRef = 5C84B9162D610EBE00AA18B7 /* SwiftUI.framework */; };
		5C428DDE2D620BEA0078D285 /* TramDisplayWidgetWatchOsExtension.appex in Embed Foundation Extensions */ = {isa = PBXBuildFile; fileRef = 5C428DD12D620BE90078D285 /* TramDisplayWidgetWatchOsExtension.appex */; settings = {ATTRIBUTES = (RemoveHeadersOnCopy, ); }; };
		5C84B9152D610EBE00AA18B7 /* WidgetKit.framework in Frameworks */ = {isa = PBXBuildFile; fileRef = 5C84B9142D610EBE00AA18B7 /* WidgetKit.framework */; };
		5C84B9172D610EBE00AA18B7 /* SwiftUI.framework in Frameworks */ = {isa = PBXBuildFile; fileRef = 5C84B9162D610EBE00AA18B7 /* SwiftUI.framework */; };
		5C84B9252D610EBF00AA18B7 /* TramDisplayWidgetExtension.appex in Embed Foundation Extensions */ = {isa = PBXBuildFile; fileRef = 5C84B9122D610EBE00AA18B7 /* TramDisplayWidgetExtension.appex */; platformFilters = (ios, macos, ); settings = {ATTRIBUTES = (RemoveHeadersOnCopy, ); }; };
/* End PBXBuildFile section */

/* Begin PBXContainerItemProxy section */
		5C428DC02D620BAA0078D285 /* PBXContainerItemProxy */ = {
			isa = PBXContainerItemProxy;
			containerPortal = 5C6075592D60C79F0039AB7B /* Project object */;
			proxyType = 1;
			remoteGlobalIDString = 5C428D9E2D620BA90078D285;
			remoteInfo = "TramDisplayWidgetWatchOs Watch App";
		};
		5C428DDC2D620BEA0078D285 /* PBXContainerItemProxy */ = {
			isa = PBXContainerItemProxy;
			containerPortal = 5C6075592D60C79F0039AB7B /* Project object */;
			proxyType = 1;
			remoteGlobalIDString = 5C428DD02D620BE90078D285;
			remoteInfo = TramDisplayWidgetWatchOsExtension;
		};
		5C84B9232D610EBF00AA18B7 /* PBXContainerItemProxy */ = {
			isa = PBXContainerItemProxy;
			containerPortal = 5C6075592D60C79F0039AB7B /* Project object */;
			proxyType = 1;
			remoteGlobalIDString = 5C84B9112D610EBE00AA18B7;
			remoteInfo = TramDisplayWidgetExtension;
		};
/* End PBXContainerItemProxy section */

/* Begin PBXCopyFilesBuildPhase section */
		5C428DC62D620BAA0078D285 /* Embed Watch Content */ = {
			isa = PBXCopyFilesBuildPhase;
			buildActionMask = 2147483647;
			dstPath = "$(CONTENTS_FOLDER_PATH)/Watch";
			dstSubfolderSpec = 16;
			files = (
				5C428DC22D620BAA0078D285 /* TramDisplayWidgetWatchOs Watch App.app in Embed Watch Content */,
			);
			name = "Embed Watch Content";
			runOnlyForDeploymentPostprocessing = 0;
		};
		5C428DE32D620BEA0078D285 /* Embed Foundation Extensions */ = {
			isa = PBXCopyFilesBuildPhase;
			buildActionMask = 2147483647;
			dstPath = "";
			dstSubfolderSpec = 13;
			files = (
				5C428DDE2D620BEA0078D285 /* TramDisplayWidgetWatchOsExtension.appex in Embed Foundation Extensions */,
			);
			name = "Embed Foundation Extensions";
			runOnlyForDeploymentPostprocessing = 0;
		};
		5C84B92A2D610EBF00AA18B7 /* Embed Foundation Extensions */ = {
			isa = PBXCopyFilesBuildPhase;
			buildActionMask = 2147483647;
			dstPath = "";
			dstSubfolderSpec = 13;
			files = (
				5C84B9252D610EBF00AA18B7 /* TramDisplayWidgetExtension.appex in Embed Foundation Extensions */,
			);
			name = "Embed Foundation Extensions";
			runOnlyForDeploymentPostprocessing = 0;
		};
/* End PBXCopyFilesBuildPhase section */

/* Begin PBXFileReference section */
		5C428D9F2D620BA90078D285 /* TramDisplayWidgetWatchOs Watch App.app */ = {isa = PBXFileReference; explicitFileType = wrapper.application; includeInIndex = 0; path = "TramDisplayWidgetWatchOs Watch App.app"; sourceTree = BUILT_PRODUCTS_DIR; };
		5C428DD12D620BE90078D285 /* TramDisplayWidgetWatchOsExtension.appex */ = {isa = PBXFileReference; explicitFileType = "wrapper.app-extension"; includeInIndex = 0; path = TramDisplayWidgetWatchOsExtension.appex; sourceTree = BUILT_PRODUCTS_DIR; };
		5C6075612D60C79F0039AB7B /* TramDisplay.app */ = {isa = PBXFileReference; explicitFileType = wrapper.application; includeInIndex = 0; path = TramDisplay.app; sourceTree = BUILT_PRODUCTS_DIR; };
		5C84B9122D610EBE00AA18B7 /* TramDisplayWidgetExtension.appex */ = {isa = PBXFileReference; explicitFileType = "wrapper.app-extension"; includeInIndex = 0; path = TramDisplayWidgetExtension.appex; sourceTree = BUILT_PRODUCTS_DIR; };
		5C84B9142D610EBE00AA18B7 /* WidgetKit.framework */ = {isa = PBXFileReference; lastKnownFileType = wrapper.framework; name = WidgetKit.framework; path = /System/Library/Frameworks/WidgetKit.framework; sourceTree = "<absolute>"; };
		5C84B9162D610EBE00AA18B7 /* SwiftUI.framework */ = {isa = PBXFileReference; lastKnownFileType = wrapper.framework; name = SwiftUI.framework; path = /System/Library/Frameworks/SwiftUI.framework; sourceTree = "<absolute>"; };
/* End PBXFileReference section */

/* Begin PBXFileSystemSynchronizedBuildFileExceptionSet section */
		5C428DDF2D620BEA0078D285 /* Exceptions for "TramDisplayWidgetWatchOs" folder in "TramDisplayWidgetWatchOsExtension" target */ = {
			isa = PBXFileSystemSynchronizedBuildFileExceptionSet;
			membershipExceptions = (
				Info.plist,
			);
			target = 5C428DD02D620BE90078D285 /* TramDisplayWidgetWatchOsExtension */;
		};
		5C84B9262D610EBF00AA18B7 /* Exceptions for "TramDisplayWidget" folder in "TramDisplayWidgetExtension" target */ = {
			isa = PBXFileSystemSynchronizedBuildFileExceptionSet;
			membershipExceptions = (
				Info.plist,
			);
			target = 5C84B9112D610EBE00AA18B7 /* TramDisplayWidgetExtension */;
		};
/* End PBXFileSystemSynchronizedBuildFileExceptionSet section */

/* Begin PBXFileSystemSynchronizedRootGroup section */
		5C428DA02D620BA90078D285 /* TramDisplayWidgetWatchOs Watch App */ = {
			isa = PBXFileSystemSynchronizedRootGroup;
			path = "TramDisplayWidgetWatchOs Watch App";
			sourceTree = "<group>";
		};
		5C428DD42D620BE90078D285 /* TramDisplayWidgetWatchOs */ = {
			isa = PBXFileSystemSynchronizedRootGroup;
			exceptions = (
				5C428DDF2D620BEA0078D285 /* Exceptions for "TramDisplayWidgetWatchOs" folder in "TramDisplayWidgetWatchOsExtension" target */,
			);
			path = TramDisplayWidgetWatchOs;
			sourceTree = "<group>";
		};
		5C6075632D60C79F0039AB7B /* TramDisplay */ = {
			isa = PBXFileSystemSynchronizedRootGroup;
			path = TramDisplay;
			sourceTree = "<group>";
		};
		5C84B9182D610EBE00AA18B7 /* TramDisplayWidget */ = {
			isa = PBXFileSystemSynchronizedRootGroup;
			exceptions = (
				5C84B9262D610EBF00AA18B7 /* Exceptions for "TramDisplayWidget" folder in "TramDisplayWidgetExtension" target */,
			);
			path = TramDisplayWidget;
			sourceTree = "<group>";
		};
/* End PBXFileSystemSynchronizedRootGroup section */

/* Begin PBXFrameworksBuildPhase section */
		5C428D9C2D620BA90078D285 /* Frameworks */ = {
			isa = PBXFrameworksBuildPhase;
			buildActionMask = 2147483647;
			files = (
			);
			runOnlyForDeploymentPostprocessing = 0;
		};
		5C428DCE2D620BE90078D285 /* Frameworks */ = {
			isa = PBXFrameworksBuildPhase;
			buildActionMask = 2147483647;
			files = (
				5C428DD32D620BE90078D285 /* SwiftUI.framework in Frameworks */,
				5C428DD22D620BE90078D285 /* WidgetKit.framework in Frameworks */,
			);
			runOnlyForDeploymentPostprocessing = 0;
		};
		5C60755E2D60C79F0039AB7B /* Frameworks */ = {
			isa = PBXFrameworksBuildPhase;
			buildActionMask = 2147483647;
			files = (
			);
			runOnlyForDeploymentPostprocessing = 0;
		};
		5C84B90F2D610EBE00AA18B7 /* Frameworks */ = {
			isa = PBXFrameworksBuildPhase;
			buildActionMask = 2147483647;
			files = (
				5C84B9172D610EBE00AA18B7 /* SwiftUI.framework in Frameworks */,
				5C84B9152D610EBE00AA18B7 /* WidgetKit.framework in Frameworks */,
			);
			runOnlyForDeploymentPostprocessing = 0;
		};
/* End PBXFrameworksBuildPhase section */

/* Begin PBXGroup section */
		5C6075582D60C79F0039AB7B = {
			isa = PBXGroup;
			children = (
				5C6075632D60C79F0039AB7B /* TramDisplay */,
				5C84B9182D610EBE00AA18B7 /* TramDisplayWidget */,
				5C428DA02D620BA90078D285 /* TramDisplayWidgetWatchOs Watch App */,
				5C428DD42D620BE90078D285 /* TramDisplayWidgetWatchOs */,
				5C84B9132D610EBE00AA18B7 /* Frameworks */,
				5C6075622D60C79F0039AB7B /* Products */,
			);
			sourceTree = "<group>";
		};
		5C6075622D60C79F0039AB7B /* Products */ = {
			isa = PBXGroup;
			children = (
				5C6075612D60C79F0039AB7B /* TramDisplay.app */,
				5C84B9122D610EBE00AA18B7 /* TramDisplayWidgetExtension.appex */,
				5C428D9F2D620BA90078D285 /* TramDisplayWidgetWatchOs Watch App.app */,
				5C428DD12D620BE90078D285 /* TramDisplayWidgetWatchOsExtension.appex */,
			);
			name = Products;
			sourceTree = "<group>";
		};
		5C84B9132D610EBE00AA18B7 /* Frameworks */ = {
			isa = PBXGroup;
			children = (
				5C84B9142D610EBE00AA18B7 /* WidgetKit.framework */,
				5C84B9162D610EBE00AA18B7 /* SwiftUI.framework */,
			);
			name = Frameworks;
			sourceTree = "<group>";
		};
/* End PBXGroup section */

/* Begin PBXNativeTarget section */
		5C428D9E2D620BA90078D285 /* TramDisplayWidgetWatchOs Watch App */ = {
			isa = PBXNativeTarget;
			buildConfigurationList = 5C428DC32D620BAA0078D285 /* Build configuration list for PBXNativeTarget "TramDisplayWidgetWatchOs Watch App" */;
			buildPhases = (
				5C428D9B2D620BA90078D285 /* Sources */,
				5C428D9C2D620BA90078D285 /* Frameworks */,
				5C428D9D2D620BA90078D285 /* Resources */,
				5C428DE32D620BEA0078D285 /* Embed Foundation Extensions */,
			);
			buildRules = (
			);
			dependencies = (
				5C428DDD2D620BEA0078D285 /* PBXTargetDependency */,
			);
			fileSystemSynchronizedGroups = (
				5C428DA02D620BA90078D285 /* TramDisplayWidgetWatchOs Watch App */,
			);
			name = "TramDisplayWidgetWatchOs Watch App";
			packageProductDependencies = (
			);
			productName = "TramDisplayWidgetWatchOs Watch App";
			productReference = 5C428D9F2D620BA90078D285 /* TramDisplayWidgetWatchOs Watch App.app */;
			productType = "com.apple.product-type.application";
		};
		5C428DD02D620BE90078D285 /* TramDisplayWidgetWatchOsExtension */ = {
			isa = PBXNativeTarget;
			buildConfigurationList = 5C428DE02D620BEA0078D285 /* Build configuration list for PBXNativeTarget "TramDisplayWidgetWatchOsExtension" */;
			buildPhases = (
				5C428DCD2D620BE90078D285 /* Sources */,
				5C428DCE2D620BE90078D285 /* Frameworks */,
				5C428DCF2D620BE90078D285 /* Resources */,
			);
			buildRules = (
			);
			dependencies = (
			);
			fileSystemSynchronizedGroups = (
				5C428DD42D620BE90078D285 /* TramDisplayWidgetWatchOs */,
			);
			name = TramDisplayWidgetWatchOsExtension;
			packageProductDependencies = (
			);
			productName = TramDisplayWidgetWatchOsExtension;
			productReference = 5C428DD12D620BE90078D285 /* TramDisplayWidgetWatchOsExtension.appex */;
			productType = "com.apple.product-type.app-extension";
		};
		5C6075602D60C79F0039AB7B /* TramDisplay */ = {
			isa = PBXNativeTarget;
			buildConfigurationList = 5C6075852D60C7A00039AB7B /* Build configuration list for PBXNativeTarget "TramDisplay" */;
			buildPhases = (
				5C60755D2D60C79F0039AB7B /* Sources */,
				5C60755E2D60C79F0039AB7B /* Frameworks */,
				5C60755F2D60C79F0039AB7B /* Resources */,
				5C84B92A2D610EBF00AA18B7 /* Embed Foundation Extensions */,
				5C428DC62D620BAA0078D285 /* Embed Watch Content */,
			);
			buildRules = (
			);
			dependencies = (
				5C84B9242D610EBF00AA18B7 /* PBXTargetDependency */,
				5C428DC12D620BAA0078D285 /* PBXTargetDependency */,
			);
			fileSystemSynchronizedGroups = (
				5C6075632D60C79F0039AB7B /* TramDisplay */,
			);
			name = TramDisplay;
			packageProductDependencies = (
			);
			productName = TramDisplay;
			productReference = 5C6075612D60C79F0039AB7B /* TramDisplay.app */;
			productType = "com.apple.product-type.application";
		};
		5C84B9112D610EBE00AA18B7 /* TramDisplayWidgetExtension */ = {
			isa = PBXNativeTarget;
			buildConfigurationList = 5C84B9272D610EBF00AA18B7 /* Build configuration list for PBXNativeTarget "TramDisplayWidgetExtension" */;
			buildPhases = (
				5C84B90E2D610EBE00AA18B7 /* Sources */,
				5C84B90F2D610EBE00AA18B7 /* Frameworks */,
				5C84B9102D610EBE00AA18B7 /* Resources */,
			);
			buildRules = (
			);
			dependencies = (
			);
			fileSystemSynchronizedGroups = (
				5C84B9182D610EBE00AA18B7 /* TramDisplayWidget */,
			);
			name = TramDisplayWidgetExtension;
			packageProductDependencies = (
			);
			productName = TramDisplayWidgetExtension;
			productReference = 5C84B9122D610EBE00AA18B7 /* TramDisplayWidgetExtension.appex */;
			productType = "com.apple.product-type.app-extension";
		};
/* End PBXNativeTarget section */

/* Begin PBXProject section */
		5C6075592D60C79F0039AB7B /* Project object */ = {
			isa = PBXProject;
			attributes = {
				BuildIndependentTargetsInParallel = 1;
				LastSwiftUpdateCheck = 1620;
				LastUpgradeCheck = 1620;
				TargetAttributes = {
					5C428D9E2D620BA90078D285 = {
						CreatedOnToolsVersion = 16.2;
					};
					5C428DD02D620BE90078D285 = {
						CreatedOnToolsVersion = 16.2;
					};
					5C6075602D60C79F0039AB7B = {
						CreatedOnToolsVersion = 16.2;
					};
					5C84B9112D610EBE00AA18B7 = {
						CreatedOnToolsVersion = 16.2;
					};
				};
			};
			buildConfigurationList = 5C60755C2D60C79F0039AB7B /* Build configuration list for PBXProject "TramDisplay" */;
			developmentRegion = en;
			hasScannedForEncodings = 0;
			knownRegions = (
				en,
				Base,
			);
			mainGroup = 5C6075582D60C79F0039AB7B;
			minimizedProjectReferenceProxies = 1;
			preferredProjectObjectVersion = 77;
			productRefGroup = 5C6075622D60C79F0039AB7B /* Products */;
			projectDirPath = "";
			projectRoot = "";
			targets = (
				5C6075602D60C79F0039AB7B /* TramDisplay */,
				5C84B9112D610EBE00AA18B7 /* TramDisplayWidgetExtension */,
				5C428D9E2D620BA90078D285 /* TramDisplayWidgetWatchOs Watch App */,
				5C428DD02D620BE90078D285 /* TramDisplayWidgetWatchOsExtension */,
			);
		};
/* End PBXProject section */

/* Begin PBXResourcesBuildPhase section */
		5C428D9D2D620BA90078D285 /* Resources */ = {
			isa = PBXResourcesBuildPhase;
			buildActionMask = 2147483647;
			files = (
			);
			runOnlyForDeploymentPostprocessing = 0;
		};
		5C428DCF2D620BE90078D285 /* Resources */ = {
			isa = PBXResourcesBuildPhase;
			buildActionMask = 2147483647;
			files = (
			);
			runOnlyForDeploymentPostprocessing = 0;
		};
		5C60755F2D60C79F0039AB7B /* Resources */ = {
			isa = PBXResourcesBuildPhase;
			buildActionMask = 2147483647;
			files = (
			);
			runOnlyForDeploymentPostprocessing = 0;
		};
		5C84B9102D610EBE00AA18B7 /* Resources */ = {
			isa = PBXResourcesBuildPhase;
			buildActionMask = 2147483647;
			files = (
			);
			runOnlyForDeploymentPostprocessing = 0;
		};
/* End PBXResourcesBuildPhase section */

/* Begin PBXSourcesBuildPhase section */
		5C428D9B2D620BA90078D285 /* Sources */ = {
			isa = PBXSourcesBuildPhase;
			buildActionMask = 2147483647;
			files = (
			);
			runOnlyForDeploymentPostprocessing = 0;
		};
		5C428DCD2D620BE90078D285 /* Sources */ = {
			isa = PBXSourcesBuildPhase;
			buildActionMask = 2147483647;
			files = (
			);
			runOnlyForDeploymentPostprocessing = 0;
		};
		5C60755D2D60C79F0039AB7B /* Sources */ = {
			isa = PBXSourcesBuildPhase;
			buildActionMask = 2147483647;
			files = (
			);
			runOnlyForDeploymentPostprocessing = 0;
		};
		5C84B90E2D610EBE00AA18B7 /* Sources */ = {
			isa = PBXSourcesBuildPhase;
			buildActionMask = 2147483647;
			files = (
			);
			runOnlyForDeploymentPostprocessing = 0;
		};
/* End PBXSourcesBuildPhase section */

/* Begin PBXTargetDependency section */
		5C428DC12D620BAA0078D285 /* PBXTargetDependency */ = {
			isa = PBXTargetDependency;
			target = 5C428D9E2D620BA90078D285 /* TramDisplayWidgetWatchOs Watch App */;
			targetProxy = 5C428DC02D620BAA0078D285 /* PBXContainerItemProxy */;
		};
		5C428DDD2D620BEA0078D285 /* PBXTargetDependency */ = {
			isa = PBXTargetDependency;
			target = 5C428DD02D620BE90078D285 /* TramDisplayWidgetWatchOsExtension */;
			targetProxy = 5C428DDC2D620BEA0078D285 /* PBXContainerItemProxy */;
		};
		5C84B9242D610EBF00AA18B7 /* PBXTargetDependency */ = {
			isa = PBXTargetDependency;
			platformFilters = (
				ios,
				macos,
			);
			target = 5C84B9112D610EBE00AA18B7 /* TramDisplayWidgetExtension */;
			targetProxy = 5C84B9232D610EBF00AA18B7 /* PBXContainerItemProxy */;
		};
/* End PBXTargetDependency section */

/* Begin XCBuildConfiguration section */
		5C428DC42D620BAA0078D285 /* Debug */ = {
			isa = XCBuildConfiguration;
			buildSettings = {
				ASSETCATALOG_COMPILER_APPICON_NAME = AppIcon;
				ASSETCATALOG_COMPILER_GLOBAL_ACCENT_COLOR_NAME = AccentColor;
				CODE_SIGN_STYLE = Automatic;
				CURRENT_PROJECT_VERSION = 1;
				DEVELOPMENT_ASSET_PATHS = "\"TramDisplayWidgetWatchOs Watch App/Preview Content\"";
				DEVELOPMENT_TEAM = T3NX6T826Z;
				ENABLE_PREVIEWS = YES;
				GENERATE_INFOPLIST_FILE = YES;
				INFOPLIST_KEY_CFBundleDisplayName = TramDisplayWidgetWatchOs;
				INFOPLIST_KEY_UISupportedInterfaceOrientations = "UIInterfaceOrientationPortrait UIInterfaceOrientationPortraitUpsideDown";
				INFOPLIST_KEY_WKCompanionAppBundleIdentifier = Flo.TramDisplay;
				LD_RUNPATH_SEARCH_PATHS = (
					"$(inherited)",
					"@executable_path/Frameworks",
				);
				MARKETING_VERSION = 1.0;
				PRODUCT_BUNDLE_IDENTIFIER = Flo.TramDisplay.watchkitapp;
				PRODUCT_NAME = "$(TARGET_NAME)";
				SDKROOT = watchos;
				SKIP_INSTALL = YES;
				SWIFT_EMIT_LOC_STRINGS = YES;
				SWIFT_VERSION = 5.0;
				TARGETED_DEVICE_FAMILY = 4;
				WATCHOS_DEPLOYMENT_TARGET = 11.2;
			};
			name = Debug;
		};
		5C428DC52D620BAA0078D285 /* Release */ = {
			isa = XCBuildConfiguration;
			buildSettings = {
				ASSETCATALOG_COMPILER_APPICON_NAME = AppIcon;
				ASSETCATALOG_COMPILER_GLOBAL_ACCENT_COLOR_NAME = AccentColor;
				CODE_SIGN_STYLE = Automatic;
				CURRENT_PROJECT_VERSION = 1;
				DEVELOPMENT_ASSET_PATHS = "\"TramDisplayWidgetWatchOs Watch App/Preview Content\"";
				DEVELOPMENT_TEAM = T3NX6T826Z;
				ENABLE_PREVIEWS = YES;
				GENERATE_INFOPLIST_FILE = YES;
				INFOPLIST_KEY_CFBundleDisplayName = TramDisplayWidgetWatchOs;
				INFOPLIST_KEY_UISupportedInterfaceOrientations = "UIInterfaceOrientationPortrait UIInterfaceOrientationPortraitUpsideDown";
				INFOPLIST_KEY_WKCompanionAppBundleIdentifier = Flo.TramDisplay;
				LD_RUNPATH_SEARCH_PATHS = (
					"$(inherited)",
					"@executable_path/Frameworks",
				);
				MARKETING_VERSION = 1.0;
				PRODUCT_BUNDLE_IDENTIFIER = Flo.TramDisplay.watchkitapp;
				PRODUCT_NAME = "$(TARGET_NAME)";
				SDKROOT = watchos;
				SKIP_INSTALL = YES;
				SWIFT_EMIT_LOC_STRINGS = YES;
				SWIFT_VERSION = 5.0;
				TARGETED_DEVICE_FAMILY = 4;
				WATCHOS_DEPLOYMENT_TARGET = 11.2;
			};
			name = Release;
		};
		5C428DE12D620BEA0078D285 /* Debug */ = {
			isa = XCBuildConfiguration;
			buildSettings = {
				ASSETCATALOG_COMPILER_GLOBAL_ACCENT_COLOR_NAME = AccentColor;
				ASSETCATALOG_COMPILER_WIDGET_BACKGROUND_COLOR_NAME = WidgetBackground;
				CODE_SIGN_STYLE = Automatic;
				CURRENT_PROJECT_VERSION = 1;
				DEVELOPMENT_TEAM = T3NX6T826Z;
				GENERATE_INFOPLIST_FILE = YES;
				INFOPLIST_FILE = TramDisplayWidgetWatchOs/Info.plist;
				INFOPLIST_KEY_CFBundleDisplayName = TramDisplayWidgetWatchOs;
				INFOPLIST_KEY_NSHumanReadableCopyright = "";
				LD_RUNPATH_SEARCH_PATHS = (
					"$(inherited)",
					"@executable_path/Frameworks",
					"@executable_path/../../Frameworks",
					"@executable_path/../../../../Frameworks",
				);
				MARKETING_VERSION = 1.0;
				PRODUCT_BUNDLE_IDENTIFIER = Flo.TramDisplay.watchkitapp.TramDisplayWidgetWatchOs;
				PRODUCT_NAME = "$(TARGET_NAME)";
				SDKROOT = watchos;
				SKIP_INSTALL = YES;
				SWIFT_EMIT_LOC_STRINGS = YES;
				SWIFT_VERSION = 5.0;
				TARGETED_DEVICE_FAMILY = 4;
				WATCHOS_DEPLOYMENT_TARGET = 11.2;
			};
			name = Debug;
		};
		5C428DE22D620BEA0078D285 /* Release */ = {
			isa = XCBuildConfiguration;
			buildSettings = {
				ASSETCATALOG_COMPILER_GLOBAL_ACCENT_COLOR_NAME = AccentColor;
				ASSETCATALOG_COMPILER_WIDGET_BACKGROUND_COLOR_NAME = WidgetBackground;
				CODE_SIGN_STYLE = Automatic;
				CURRENT_PROJECT_VERSION = 1;
				DEVELOPMENT_TEAM = T3NX6T826Z;
				GENERATE_INFOPLIST_FILE = YES;
				INFOPLIST_FILE = TramDisplayWidgetWatchOs/Info.plist;
				INFOPLIST_KEY_CFBundleDisplayName = TramDisplayWidgetWatchOs;
				INFOPLIST_KEY_NSHumanReadableCopyright = "";
				LD_RUNPATH_SEARCH_PATHS = (
					"$(inherited)",
					"@executable_path/Frameworks",
					"@executable_path/../../Frameworks",
					"@executable_path/../../../../Frameworks",
				);
				MARKETING_VERSION = 1.0;
				PRODUCT_BUNDLE_IDENTIFIER = Flo.TramDisplay.watchkitapp.TramDisplayWidgetWatchOs;
				PRODUCT_NAME = "$(TARGET_NAME)";
				SDKROOT = watchos;
				SKIP_INSTALL = YES;
				SWIFT_EMIT_LOC_STRINGS = YES;
				SWIFT_VERSION = 5.0;
				TARGETED_DEVICE_FAMILY = 4;
				WATCHOS_DEPLOYMENT_TARGET = 11.2;
			};
			name = Release;
		};
		5C6075832D60C7A00039AB7B /* Debug */ = {
			isa = XCBuildConfiguration;
			buildSettings = {
				ALWAYS_SEARCH_USER_PATHS = NO;
				ASSETCATALOG_COMPILER_GENERATE_SWIFT_ASSET_SYMBOL_EXTENSIONS = YES;
				CLANG_ANALYZER_NONNULL = YES;
				CLANG_ANALYZER_NUMBER_OBJECT_CONVERSION = YES_AGGRESSIVE;
				CLANG_CXX_LANGUAGE_STANDARD = "gnu++20";
				CLANG_ENABLE_MODULES = YES;
				CLANG_ENABLE_OBJC_ARC = YES;
				CLANG_ENABLE_OBJC_WEAK = YES;
				CLANG_WARN_BLOCK_CAPTURE_AUTORELEASING = YES;
				CLANG_WARN_BOOL_CONVERSION = YES;
				CLANG_WARN_COMMA = YES;
				CLANG_WARN_CONSTANT_CONVERSION = YES;
				CLANG_WARN_DEPRECATED_OBJC_IMPLEMENTATIONS = YES;
				CLANG_WARN_DIRECT_OBJC_ISA_USAGE = YES_ERROR;
				CLANG_WARN_DOCUMENTATION_COMMENTS = YES;
				CLANG_WARN_EMPTY_BODY = YES;
				CLANG_WARN_ENUM_CONVERSION = YES;
				CLANG_WARN_INFINITE_RECURSION = YES;
				CLANG_WARN_INT_CONVERSION = YES;
				CLANG_WARN_NON_LITERAL_NULL_CONVERSION = YES;
				CLANG_WARN_OBJC_IMPLICIT_RETAIN_SELF = YES;
				CLANG_WARN_OBJC_LITERAL_CONVERSION = YES;
				CLANG_WARN_OBJC_ROOT_CLASS = YES_ERROR;
				CLANG_WARN_QUOTED_INCLUDE_IN_FRAMEWORK_HEADER = YES;
				CLANG_WARN_RANGE_LOOP_ANALYSIS = YES;
				CLANG_WARN_STRICT_PROTOTYPES = YES;
				CLANG_WARN_SUSPICIOUS_MOVE = YES;
				CLANG_WARN_UNGUARDED_AVAILABILITY = YES_AGGRESSIVE;
				CLANG_WARN_UNREACHABLE_CODE = YES;
				CLANG_WARN__DUPLICATE_METHOD_MATCH = YES;
				COPY_PHASE_STRIP = NO;
				DEBUG_INFORMATION_FORMAT = dwarf;
				ENABLE_STRICT_OBJC_MSGSEND = YES;
				ENABLE_TESTABILITY = YES;
				ENABLE_USER_SCRIPT_SANDBOXING = YES;
				GCC_C_LANGUAGE_STANDARD = gnu17;
				GCC_DYNAMIC_NO_PIC = NO;
				GCC_NO_COMMON_BLOCKS = YES;
				GCC_OPTIMIZATION_LEVEL = 0;
				GCC_PREPROCESSOR_DEFINITIONS = (
					"DEBUG=1",
					"$(inherited)",
				);
				GCC_WARN_64_TO_32_BIT_CONVERSION = YES;
				GCC_WARN_ABOUT_RETURN_TYPE = YES_ERROR;
				GCC_WARN_UNDECLARED_SELECTOR = YES;
				GCC_WARN_UNINITIALIZED_AUTOS = YES_AGGRESSIVE;
				GCC_WARN_UNUSED_FUNCTION = YES;
				GCC_WARN_UNUSED_VARIABLE = YES;
				IPHONEOS_DEPLOYMENT_TARGET = 18.2;
				LOCALIZATION_PREFERS_STRING_CATALOGS = YES;
				MTL_ENABLE_DEBUG_INFO = INCLUDE_SOURCE;
				MTL_FAST_MATH = YES;
				ONLY_ACTIVE_ARCH = YES;
				SDKROOT = iphoneos;
				SWIFT_ACTIVE_COMPILATION_CONDITIONS = "DEBUG $(inherited)";
				SWIFT_OPTIMIZATION_LEVEL = "-Onone";
			};
			name = Debug;
		};
		5C6075842D60C7A00039AB7B /* Release */ = {
			isa = XCBuildConfiguration;
			buildSettings = {
				ALWAYS_SEARCH_USER_PATHS = NO;
				ASSETCATALOG_COMPILER_GENERATE_SWIFT_ASSET_SYMBOL_EXTENSIONS = YES;
				CLANG_ANALYZER_NONNULL = YES;
				CLANG_ANALYZER_NUMBER_OBJECT_CONVERSION = YES_AGGRESSIVE;
				CLANG_CXX_LANGUAGE_STANDARD = "gnu++20";
				CLANG_ENABLE_MODULES = YES;
				CLANG_ENABLE_OBJC_ARC = YES;
				CLANG_ENABLE_OBJC_WEAK = YES;
				CLANG_WARN_BLOCK_CAPTURE_AUTORELEASING = YES;
				CLANG_WARN_BOOL_CONVERSION = YES;
				CLANG_WARN_COMMA = YES;
				CLANG_WARN_CONSTANT_CONVERSION = YES;
				CLANG_WARN_DEPRECATED_OBJC_IMPLEMENTATIONS = YES;
				CLANG_WARN_DIRECT_OBJC_ISA_USAGE = YES_ERROR;
				CLANG_WARN_DOCUMENTATION_COMMENTS = YES;
				CLANG_WARN_EMPTY_BODY = YES;
				CLANG_WARN_ENUM_CONVERSION = YES;
				CLANG_WARN_INFINITE_RECURSION = YES;
				CLANG_WARN_INT_CONVERSION = YES;
				CLANG_WARN_NON_LITERAL_NULL_CONVERSION = YES;
				CLANG_WARN_OBJC_IMPLICIT_RETAIN_SELF = YES;
				CLANG_WARN_OBJC_LITERAL_CONVERSION = YES;
				CLANG_WARN_OBJC_ROOT_CLASS = YES_ERROR;
				CLANG_WARN_QUOTED_INCLUDE_IN_FRAMEWORK_HEADER = YES;
				CLANG_WARN_RANGE_LOOP_ANALYSIS = YES;
				CLANG_WARN_STRICT_PROTOTYPES = YES;
				CLANG_WARN_SUSPICIOUS_MOVE = YES;
				CLANG_WARN_UNGUARDED_AVAILABILITY = YES_AGGRESSIVE;
				CLANG_WARN_UNREACHABLE_CODE = YES;
				CLANG_WARN__DUPLICATE_METHOD_MATCH = YES;
				COPY_PHASE_STRIP = NO;
				DEBUG_INFORMATION_FORMAT = "dwarf-with-dsym";
				ENABLE_NS_ASSERTIONS = NO;
				ENABLE_STRICT_OBJC_MSGSEND = YES;
				ENABLE_USER_SCRIPT_SANDBOXING = YES;
				GCC_C_LANGUAGE_STANDARD = gnu17;
				GCC_NO_COMMON_BLOCKS = YES;
				GCC_WARN_64_TO_32_BIT_CONVERSION = YES;
				GCC_WARN_ABOUT_RETURN_TYPE = YES_ERROR;
				GCC_WARN_UNDECLARED_SELECTOR = YES;
				GCC_WARN_UNINITIALIZED_AUTOS = YES_AGGRESSIVE;
				GCC_WARN_UNUSED_FUNCTION = YES;
				GCC_WARN_UNUSED_VARIABLE = YES;
				IPHONEOS_DEPLOYMENT_TARGET = 18.2;
				LOCALIZATION_PREFERS_STRING_CATALOGS = YES;
				MTL_ENABLE_DEBUG_INFO = NO;
				MTL_FAST_MATH = YES;
				SDKROOT = iphoneos;
				SWIFT_COMPILATION_MODE = wholemodule;
				VALIDATE_PRODUCT = YES;
			};
			name = Release;
		};
		5C6075862D60C7A00039AB7B /* Debug */ = {
			isa = XCBuildConfiguration;
			buildSettings = {
				ASSETCATALOG_COMPILER_APPICON_NAME = AppIcon;
				ASSETCATALOG_COMPILER_GLOBAL_ACCENT_COLOR_NAME = AccentColor;
				CODE_SIGN_ENTITLEMENTS = TramDisplay/TramDisplay.entitlements;
				CODE_SIGN_STYLE = Automatic;
				CURRENT_PROJECT_VERSION = 1;
				DEVELOPMENT_ASSET_PATHS = "\"TramDisplay/Preview Content\"";
				DEVELOPMENT_TEAM = T3NX6T826Z;
				ENABLE_PREVIEWS = YES;
				GENERATE_INFOPLIST_FILE = YES;
				INFOPLIST_KEY_UIApplicationSceneManifest_Generation = YES;
				INFOPLIST_KEY_UIApplicationSupportsIndirectInputEvents = YES;
				INFOPLIST_KEY_UILaunchScreen_Generation = YES;
				INFOPLIST_KEY_UISupportedInterfaceOrientations_iPad = "UIInterfaceOrientationPortrait UIInterfaceOrientationPortraitUpsideDown UIInterfaceOrientationLandscapeLeft UIInterfaceOrientationLandscapeRight";
				INFOPLIST_KEY_UISupportedInterfaceOrientations_iPhone = "UIInterfaceOrientationPortrait UIInterfaceOrientationLandscapeLeft UIInterfaceOrientationLandscapeRight";
				LD_RUNPATH_SEARCH_PATHS = (
					"$(inherited)",
					"@executable_path/Frameworks",
				);
				MARKETING_VERSION = 1.0;
				PRODUCT_BUNDLE_IDENTIFIER = Flo.TramDisplay;
				PRODUCT_NAME = "$(TARGET_NAME)";
				REGISTER_APP_GROUPS = NO;
				SUPPORTED_PLATFORMS = "iphoneos iphonesimulator macosx";
				SUPPORTS_MACCATALYST = NO;
				SUPPORTS_MAC_DESIGNED_FOR_IPHONE_IPAD = NO;
				SUPPORTS_XR_DESIGNED_FOR_IPHONE_IPAD = NO;
				SWIFT_EMIT_LOC_STRINGS = YES;
				SWIFT_VERSION = 5.0;
				TARGETED_DEVICE_FAMILY = "1,2";
			};
			name = Debug;
		};
		5C6075872D60C7A00039AB7B /* Release */ = {
			isa = XCBuildConfiguration;
			buildSettings = {
				ASSETCATALOG_COMPILER_APPICON_NAME = AppIcon;
				ASSETCATALOG_COMPILER_GLOBAL_ACCENT_COLOR_NAME = AccentColor;
				CODE_SIGN_ENTITLEMENTS = TramDisplay/TramDisplay.entitlements;
				CODE_SIGN_STYLE = Automatic;
				CURRENT_PROJECT_VERSION = 1;
				DEVELOPMENT_ASSET_PATHS = "\"TramDisplay/Preview Content\"";
				DEVELOPMENT_TEAM = T3NX6T826Z;
				ENABLE_PREVIEWS = YES;
				GENERATE_INFOPLIST_FILE = YES;
				INFOPLIST_KEY_UIApplicationSceneManifest_Generation = YES;
				INFOPLIST_KEY_UIApplicationSupportsIndirectInputEvents = YES;
				INFOPLIST_KEY_UILaunchScreen_Generation = YES;
				INFOPLIST_KEY_UISupportedInterfaceOrientations_iPad = "UIInterfaceOrientationPortrait UIInterfaceOrientationPortraitUpsideDown UIInterfaceOrientationLandscapeLeft UIInterfaceOrientationLandscapeRight";
				INFOPLIST_KEY_UISupportedInterfaceOrientations_iPhone = "UIInterfaceOrientationPortrait UIInterfaceOrientationLandscapeLeft UIInterfaceOrientationLandscapeRight";
				LD_RUNPATH_SEARCH_PATHS = (
					"$(inherited)",
					"@executable_path/Frameworks",
				);
				MARKETING_VERSION = 1.0;
				PRODUCT_BUNDLE_IDENTIFIER = Flo.TramDisplay;
				PRODUCT_NAME = "$(TARGET_NAME)";
				REGISTER_APP_GROUPS = NO;
				SUPPORTED_PLATFORMS = "iphoneos iphonesimulator macosx";
				SUPPORTS_MACCATALYST = NO;
				SUPPORTS_MAC_DESIGNED_FOR_IPHONE_IPAD = NO;
				SUPPORTS_XR_DESIGNED_FOR_IPHONE_IPAD = NO;
				SWIFT_EMIT_LOC_STRINGS = YES;
				SWIFT_VERSION = 5.0;
				TARGETED_DEVICE_FAMILY = "1,2";
			};
			name = Release;
		};
		5C84B9282D610EBF00AA18B7 /* Debug */ = {
			isa = XCBuildConfiguration;
			buildSettings = {
				ASSETCATALOG_COMPILER_GLOBAL_ACCENT_COLOR_NAME = AccentColor;
				ASSETCATALOG_COMPILER_WIDGET_BACKGROUND_COLOR_NAME = WidgetBackground;
				CODE_SIGN_ENTITLEMENTS = TramDisplayWidget/TramDisplayWidget.entitlements;
				CODE_SIGN_STYLE = Automatic;
				CURRENT_PROJECT_VERSION = 1;
				DEVELOPMENT_TEAM = T3NX6T826Z;
				ENABLE_HARDENED_RUNTIME = YES;
				GENERATE_INFOPLIST_FILE = YES;
				INFOPLIST_FILE = TramDisplayWidget/Info.plist;
				INFOPLIST_KEY_CFBundleDisplayName = TramDisplayWidget;
				INFOPLIST_KEY_NSHumanReadableCopyright = "";
				IPHONEOS_DEPLOYMENT_TARGET = 18.2;
				LD_RUNPATH_SEARCH_PATHS = (
					"$(inherited)",
					"@executable_path/Frameworks",
					"@executable_path/../../Frameworks",
				);
				"LD_RUNPATH_SEARCH_PATHS[sdk=macosx*]" = (
					"$(inherited)",
					"@executable_path/../Frameworks",
					"@executable_path/../../../../Frameworks",
				);
				MACOSX_DEPLOYMENT_TARGET = 14.0;
				MARKETING_VERSION = 1.0;
				PRODUCT_BUNDLE_IDENTIFIER = Flo.TramDisplay.TramDisplayWidget;
				PRODUCT_NAME = "$(TARGET_NAME)";
				SDKROOT = auto;
				SKIP_INSTALL = YES;
				SUPPORTED_PLATFORMS = "iphoneos iphonesimulator macosx watchos watchsimulator";
				SUPPORTS_MACCATALYST = NO;
				SWIFT_EMIT_LOC_STRINGS = YES;
				SWIFT_VERSION = 5.0;
				TARGETED_DEVICE_FAMILY = "1,2,4";
				XROS_DEPLOYMENT_TARGET = 2.2;
			};
			name = Debug;
		};
		5C84B9292D610EBF00AA18B7 /* Release */ = {
			isa = XCBuildConfiguration;
			buildSettings = {
				ASSETCATALOG_COMPILER_GLOBAL_ACCENT_COLOR_NAME = AccentColor;
				ASSETCATALOG_COMPILER_WIDGET_BACKGROUND_COLOR_NAME = WidgetBackground;
				CODE_SIGN_ENTITLEMENTS = TramDisplayWidget/TramDisplayWidget.entitlements;
				CODE_SIGN_STYLE = Automatic;
				CURRENT_PROJECT_VERSION = 1;
				DEVELOPMENT_TEAM = T3NX6T826Z;
				ENABLE_HARDENED_RUNTIME = YES;
				GENERATE_INFOPLIST_FILE = YES;
				INFOPLIST_FILE = TramDisplayWidget/Info.plist;
				INFOPLIST_KEY_CFBundleDisplayName = TramDisplayWidget;
				INFOPLIST_KEY_NSHumanReadableCopyright = "";
				IPHONEOS_DEPLOYMENT_TARGET = 18.2;
				LD_RUNPATH_SEARCH_PATHS = (
					"$(inherited)",
					"@executable_path/Frameworks",
					"@executable_path/../../Frameworks",
				);
				"LD_RUNPATH_SEARCH_PATHS[sdk=macosx*]" = (
					"$(inherited)",
					"@executable_path/../Frameworks",
					"@executable_path/../../../../Frameworks",
				);
				MACOSX_DEPLOYMENT_TARGET = 14.0;
				MARKETING_VERSION = 1.0;
				PRODUCT_BUNDLE_IDENTIFIER = Flo.TramDisplay.TramDisplayWidget;
				PRODUCT_NAME = "$(TARGET_NAME)";
				SDKROOT = auto;
				SKIP_INSTALL = YES;
				SUPPORTED_PLATFORMS = "iphoneos iphonesimulator macosx watchos watchsimulator";
				SUPPORTS_MACCATALYST = NO;
				SWIFT_EMIT_LOC_STRINGS = YES;
				SWIFT_VERSION = 5.0;
				TARGETED_DEVICE_FAMILY = "1,2,4";
				XROS_DEPLOYMENT_TARGET = 2.2;
			};
			name = Release;
		};
/* End XCBuildConfiguration section */

/* Begin XCConfigurationList section */
		5C428DC32D620BAA0078D285 /* Build configuration list for PBXNativeTarget "TramDisplayWidgetWatchOs Watch App" */ = {
			isa = XCConfigurationList;
			buildConfigurations = (
				5C428DC42D620BAA0078D285 /* Debug */,
				5C428DC52D620BAA0078D285 /* Release */,
			);
			defaultConfigurationIsVisible = 0;
			defaultConfigurationName = Release;
		};
		5C428DE02D620BEA0078D285 /* Build configuration list for PBXNativeTarget "TramDisplayWidgetWatchOsExtension" */ = {
			isa = XCConfigurationList;
			buildConfigurations = (
				5C428DE12D620BEA0078D285 /* Debug */,
				5C428DE22D620BEA0078D285 /* Release */,
			);
			defaultConfigurationIsVisible = 0;
			defaultConfigurationName = Release;
		};
		5C60755C2D60C79F0039AB7B /* Build configuration list for PBXProject "TramDisplay" */ = {
			isa = XCConfigurationList;
			buildConfigurations = (
				5C6075832D60C7A00039AB7B /* Debug */,
				5C6075842D60C7A00039AB7B /* Release */,
			);
			defaultConfigurationIsVisible = 0;
			defaultConfigurationName = Release;
		};
		5C6075852D60C7A00039AB7B /* Build configuration list for PBXNativeTarget "TramDisplay" */ = {
			isa = XCConfigurationList;
			buildConfigurations = (
				5C6075862D60C7A00039AB7B /* Debug */,
				5C6075872D60C7A00039AB7B /* Release */,
			);
			defaultConfigurationIsVisible = 0;
			defaultConfigurationName = Release;
		};
		5C84B9272D610EBF00AA18B7 /* Build configuration list for PBXNativeTarget "TramDisplayWidgetExtension" */ = {
			isa = XCConfigurationList;
			buildConfigurations = (
				5C84B9282D610EBF00AA18B7 /* Debug */,
				5C84B9292D610EBF00AA18B7 /* Release */,
			);
			defaultConfigurationIsVisible = 0;
			defaultConfigurationName = Release;
		};
/* End XCConfigurationList section */
	};
	rootObject = 5C6075592D60C79F0039AB7B /* Project object */;
}
